#MicroXplorer Configuration settings - do not modify
Mcu.Family=STM32F4
ProjectManager.MainLocation=Core/Src
PH0-OSC_IN.Locked=true
ProjectManager.ProjectFileName=EEG-Firmware.ioc
PH0-OSC_IN.Signal=RCC_OSC_IN
RCC.CortexFreq_Value=16000000
ProjectManager.KeepUserCode=true
Mcu.UserName=STM32F446RETx
Mcu.PinsNb=14
SPI1.VirtualType=VM_MASTER
ProjectManager.NoMain=false
SPI1.IPParameters=VirtualType,Mode,Direction,CalculateBaudRate,VirtualNSS,TIMode,DataSize
USART6.IPParameters=VirtualMode
RCC.PLLCLKFreq_Value=96000000
PC13.Signal=SYS_WKUP1
RCC.PLLQCLKFreq_Value=96000000
PC7.Locked=true
RCC.VCOI2SInputFreq_Value=1000000
ProjectManager.functionlistsort=1-MX_GPIO_Init-GPIO-false-HAL-true,2-SystemClock_Config-RCC-false-HAL-false,3-MX_I2C1_Init-I2C1-false-HAL-true,3-MX_SPI1_Init-SPI1-false-HAL-true,5-MX_USART2_UART_Init-USART2-false-HAL-true,4-MX_USART6_UART_Init-USART6-false-HAL-true
PC6.Signal=USART6_TX
ProjectManager.DefaultFWLocation=true
RCC.PLLI2SRCLKFreq_Value=96000000
ProjectManager.DeletePrevious=true
SPI1.TIMode=SPI_TIMODE_ENABLE
RCC.SAIAFreq_Value=96000000
PinOutPanel.RotationAngle=0
RCC.FamilyName=M
ProjectManager.StackSize=0x400
PA0-WKUP.Signal=USART2_CTS
PA0-WKUP.Locked=true
PA13.Signal=SYS_JTMS-SWDIO
Mcu.IP4=USART6
NVIC.SVCall_IRQn=true\:0\:0\:false\:false\:true\:false\:false
Mcu.IP2=SPI1
Mcu.IP3=SYS
Mcu.IP0=NVIC
Mcu.IP1=RCC
Mcu.UserConstants=
PA4.Mode=NSS_Signal_Hard_Input
ProjectManager.TargetToolchain=SW4STM32
Mcu.ThirdPartyNb=0
RCC.SDIOFreq_Value=96000000
SPI1.Direction=SPI_DIRECTION_2LINES
PC6.Mode=Asynchronous
Mcu.IPNb=5
ProjectManager.PreviousToolchain=SW4STM32
PC6.Locked=true
PC7.Signal=USART6_RX
PB5.Locked=true
SPI1.CalculateBaudRate=8.0 MBits/s
Mcu.Pin6=PC6
Mcu.Pin7=PC7
ProjectManager.RegisterCallBack=
Mcu.Pin8=PA13
RCC.USBFreq_Value=96000000
Mcu.Pin9=PA14
RCC.VCOSAIOutputFreq_Value=192000000
PA1.Signal=USART2_RTS
PH0-OSC_IN.Mode=HSE-External-Oscillator
Mcu.Pin0=PC13
Mcu.Pin1=PH0-OSC_IN
GPIO.groupedBy=Group By Peripherals
Mcu.Pin2=PH1-OSC_OUT
Mcu.Pin3=PA0-WKUP
Mcu.Pin4=PA1
RCC.VCOI2SOutputFreq_Value=192000000
Mcu.Pin5=PA4
ProjectManager.ProjectBuild=false
NVIC.UsageFault_IRQn=true\:0\:0\:false\:false\:true\:false\:false
NVIC.DebugMonitor_IRQn=true\:0\:0\:false\:false\:true\:false\:false
PB3.Mode=Full_Duplex_Master
RCC.PLLSAIPCLKFreq_Value=96000000
board=custom
RCC.VCOOutputFreq_Value=192000000
NVIC.SysTick_IRQn=true\:0\:0\:false\:false\:true\:false\:true
ProjectManager.LastFirmware=true
ProjectManager.FirmwarePackage=STM32Cube FW_F4 V1.25.2
MxDb.Version=DB.6.0.10
PB4.Mode=Full_Duplex_Master
ProjectManager.BackupPrevious=false
MxCube.Version=6.1.1
RCC.VCOInputFreq_Value=1000000
RCC.PLLI2SPCLKFreq_Value=96000000
SPI1.Mode=SPI_MODE_MASTER
PA14.Mode=Serial_Wire
PB5.Mode=Full_Duplex_Master
SPI1.DataSize=SPI_DATASIZE_16BIT
File.Version=6
VP_SYS_VS_Systick.Mode=SysTick
PH1-OSC_OUT.Locked=true
PH1-OSC_OUT.Signal=RCC_OSC_OUT
NVIC.NonMaskableInt_IRQn=true\:0\:0\:false\:false\:true\:false\:false
RCC.PLLRCLKFreq_Value=96000000
SPI1.VirtualNSS=VM_NSSHARD
NVIC.PendSV_IRQn=true\:0\:0\:false\:false\:true\:false\:false
PA13.Mode=Serial_Wire
PC13.Mode=SYS_WakeUp1
ProjectManager.FreePins=false
RCC.IPParameters=CECFreq_Value,CortexFreq_Value,FamilyName,PLLCLKFreq_Value,PLLI2SPCLKFreq_Value,PLLI2SQCLKFreq_Value,PLLI2SRCLKFreq_Value,PLLQCLKFreq_Value,PLLRCLKFreq_Value,PLLSAIPCLKFreq_Value,PLLSAIQCLKFreq_Value,SAIAFreq_Value,SAIBFreq_Value,SDIOFreq_Value,USBFreq_Value,VCOI2SInputFreq_Value,VCOI2SOutputFreq_Value,VCOInputFreq_Value,VCOOutputFreq_Value,VCOSAIInputFreq_Value,VCOSAIOutputFreq_Value
ProjectManager.AskForMigrate=true
Mcu.Name=STM32F446R(C-E)Tx
RCC.PLLI2SQCLKFreq_Value=96000000
ProjectManager.HalAssertFull=false
ProjectManager.ProjectName=EEG-Firmware
ProjectManager.UnderRoot=true
RCC.VCOSAIInputFreq_Value=1000000
ProjectManager.CoupleFile=false
PH1-OSC_OUT.Mode=HSE-External-Oscillator
PB4.Locked=true
PB3.Signal=SPI1_SCK
PA4.Signal=SPI1_NSS
Mcu.Package=LQFP64
PB5.Signal=SPI1_MOSI
PA1.Locked=true
NVIC.ForceEnableDMAVector=true
KeepUserPlacement=false
USART6.VirtualMode=VM_ASYNC
NVIC.MemoryManagement_IRQn=true\:0\:0\:false\:false\:true\:false\:false
ProjectManager.CompilerOptimize=6
ProjectManager.ToolChainLocation=
VP_SYS_VS_Systick.Signal=SYS_VS_Systick
PA14.Signal=SYS_JTCK-SWCLK
ProjectManager.HeapSize=0x200
NVIC.HardFault_IRQn=true\:0\:0\:false\:false\:true\:false\:false
Mcu.Pin13=VP_SYS_VS_Systick
ProjectManager.ComputerToolchain=false
NVIC.PriorityGroup=NVIC_PRIORITYGROUP_4
Mcu.Pin11=PB4
Mcu.Pin12=PB5
Mcu.Pin10=PB3
RCC.CECFreq_Value=32786.88524590164
NVIC.BusFault_IRQn=true\:0\:0\:false\:false\:true\:false\:false
PC7.Mode=Asynchronous
RCC.SAIBFreq_Value=96000000
ProjectManager.CustomerFirmwarePackage=
ProjectManager.DeviceId=STM32F446RETx
ProjectManager.LibraryCopy=1
RCC.PLLSAIQCLKFreq_Value=96000000
PB4.Signal=SPI1_MISO
PB3.Locked=true
